
Microsoft Visual Studio Solution File, Format Version 12.00
# Visual Studio Version 16
VisualStudioVersion = 16.0.29324.140
MinimumVisualStudioVersion = 10.0.40219.1
Project("{FAE04EC0-301F-11D3-BF4B-00C04F79EFBC}") = "Todo", "Todo\Todo.csproj", "{3EBA9B04-4FFA-487D-AFB2-AA570D590B68}"
EndProject
Global
	GlobalSection(SolutionConfigurationPlatforms) = preSolution
		Debug|Any CPU = Debug|Any CPU
		Release|Any CPU = Release|Any CPU
	EndGlobalSection
	GlobalSection(ProjectConfigurationPlatforms) = postSolution
		{3EBA9B04-4FFA-487D-AFB2-AA570D590B68}.Debug|Any CPU.ActiveCfg = Debug|Any CPU
		{3EBA9B04-4FFA-487D-AFB2-AA570D590B68}.Debug|Any CPU.Build.0 = Debug|Any CPU
		{3EBA9B04-4FFA-487D-AFB2-AA570D590B68}.Release|Any CPU.ActiveCfg = Release|Any CPU
		{3EBA9B04-4FFA-487D-AFB2-AA570D590B68}.Release|Any CPU.Build.0 = Release|Any CPU
	EndGlobalSection
	GlobalSection(SolutionProperties) = preSolution
		HideSolutionNode = FALSE
	EndGlobalSection
	GlobalSection(ExtensibilityGlobals) = postSolution
		SolutionGuid = {579FEB99-5AB6-4E34-A4C1-D73AEFCEC1D4}
	EndGlobalSection
EndGlobal
