
Microsoft Visual Studio Solution File, Format Version 12.00
# Visual Studio Version 16
VisualStudioVersion = 16.0.29411.108
MinimumVisualStudioVersion = 10.0.40219.1
Project("{FAE04EC0-301F-11D3-BF4B-00C04F79EFBC}") = "HtmlSelectMultiple", "HtmlSelectMultiple\HtmlSelectMultiple.csproj", "{7539BF1D-68C9-4C9D-903E-D59319AA2019}"
EndProject
Global
	GlobalSection(SolutionConfigurationPlatforms) = preSolution
		Debug|Any CPU = Debug|Any CPU
		Release|Any CPU = Release|Any CPU
	EndGlobalSection
	GlobalSection(ProjectConfigurationPlatforms) = postSolution
		{7539BF1D-68C9-4C9D-903E-D59319AA2019}.Debug|Any CPU.ActiveCfg = Debug|Any CPU
		{7539BF1D-68C9-4C9D-903E-D59319AA2019}.Debug|Any CPU.Build.0 = Debug|Any CPU
		{7539BF1D-68C9-4C9D-903E-D59319AA2019}.Release|Any CPU.ActiveCfg = Release|Any CPU
		{7539BF1D-68C9-4C9D-903E-D59319AA2019}.Release|Any CPU.Build.0 = Release|Any CPU
	EndGlobalSection
	GlobalSection(SolutionProperties) = preSolution
		HideSolutionNode = FALSE
	EndGlobalSection
	GlobalSection(ExtensibilityGlobals) = postSolution
		SolutionGuid = {6A0C8740-FD9F-4917-AD35-AA20CEAFEB88}
	EndGlobalSection
EndGlobal
